
Microsoft Visual Studio Solution File, Format Version 12.00
# Visual Studio Version 16
VisualStudioVersion = 25.0.1706.0
MinimumVisualStudioVersion = 10.0.40219.1
Project("{FAE04EC0-301F-11D3-BF4B-00C04F79EFBC}") = "ListaDeExercicio 3", "ListaDeExercicio 3\ListaDeExercicio 3.csproj", "{B20181E7-2B71-4559-BFA7-586AEF97CF43}"
EndProject
Project("{FAE04EC0-301F-11D3-BF4B-00C04F79EFBC}") = "Terreno", "Terreno\Terreno.csproj", "{C9068E15-49B1-4FA1-A2DC-24044B32628D}"
EndProject
Project("{FAE04EC0-301F-11D3-BF4B-00C04F79EFBC}") = "3- Empregado", "3- Empregado\3- Empregado.csproj", "{26E2038F-6F57-46B6-8BD9-AD5B4D9EBF39}"
EndProject
Project("{FAE04EC0-301F-11D3-BF4B-00C04F79EFBC}") = "JogoDaVelha", "JogoDaVelha\JogoDaVelha.csproj", "{7302ABE1-762F-449C-86C9-425699C5C112}"
EndProject
Global
	GlobalSection(SolutionConfigurationPlatforms) = preSolution
		Debug|Any CPU = Debug|Any CPU
		Release|Any CPU = Release|Any CPU
	EndGlobalSection
	GlobalSection(ProjectConfigurationPlatforms) = postSolution
		{B20181E7-2B71-4559-BFA7-586AEF97CF43}.Debug|Any CPU.ActiveCfg = Debug|Any CPU
		{B20181E7-2B71-4559-BFA7-586AEF97CF43}.Debug|Any CPU.Build.0 = Debug|Any CPU
		{B20181E7-2B71-4559-BFA7-586AEF97CF43}.Release|Any CPU.ActiveCfg = Release|Any CPU
		{B20181E7-2B71-4559-BFA7-586AEF97CF43}.Release|Any CPU.Build.0 = Release|Any CPU
		{C9068E15-49B1-4FA1-A2DC-24044B32628D}.Debug|Any CPU.ActiveCfg = Debug|Any CPU
		{C9068E15-49B1-4FA1-A2DC-24044B32628D}.Debug|Any CPU.Build.0 = Debug|Any CPU
		{C9068E15-49B1-4FA1-A2DC-24044B32628D}.Release|Any CPU.ActiveCfg = Release|Any CPU
		{C9068E15-49B1-4FA1-A2DC-24044B32628D}.Release|Any CPU.Build.0 = Release|Any CPU
		{26E2038F-6F57-46B6-8BD9-AD5B4D9EBF39}.Debug|Any CPU.ActiveCfg = Debug|Any CPU
		{26E2038F-6F57-46B6-8BD9-AD5B4D9EBF39}.Debug|Any CPU.Build.0 = Debug|Any CPU
		{26E2038F-6F57-46B6-8BD9-AD5B4D9EBF39}.Release|Any CPU.ActiveCfg = Release|Any CPU
		{26E2038F-6F57-46B6-8BD9-AD5B4D9EBF39}.Release|Any CPU.Build.0 = Release|Any CPU
		{7302ABE1-762F-449C-86C9-425699C5C112}.Debug|Any CPU.ActiveCfg = Debug|Any CPU
		{7302ABE1-762F-449C-86C9-425699C5C112}.Debug|Any CPU.Build.0 = Debug|Any CPU
		{7302ABE1-762F-449C-86C9-425699C5C112}.Release|Any CPU.ActiveCfg = Release|Any CPU
		{7302ABE1-762F-449C-86C9-425699C5C112}.Release|Any CPU.Build.0 = Release|Any CPU
	EndGlobalSection
	GlobalSection(SolutionProperties) = preSolution
		HideSolutionNode = FALSE
	EndGlobalSection
	GlobalSection(ExtensibilityGlobals) = postSolution
		SolutionGuid = {A9640B9A-4F59-4E6F-86D0-5C6F0AEAB21D}
	EndGlobalSection
EndGlobal
